# THIS IS AN AUTOGENERATED FILE. DO NOT EDIT THIS FILE DIRECTLY.
# yarn lockfile v1


fsevents@~2.1.2:
  version "2.1.3"
  resolved "https://registry.yarnpkg.com/fsevents/-/fsevents-2.1.3.tgz#fb738703ae8d2f9fe900c33836ddebee8b97f23e"
  integrity sha512-Auw9a4AxqWpa9GUfj370BMPzzyncfBABW8Mab7BGWBYDj4Isgq+cDKtx0i6u9jcX9pQDnswsaaOTgTmA5pEjuQ==

rollup@^2.28.1:
  version "2.28.1"
  resolved "https://registry.yarnpkg.com/rollup/-/rollup-2.28.1.tgz#ceedca3cdb013c2fa8f22f958a29c203368159ea"
  integrity sha512-DOtVoqOZt3+FjPJWLU8hDIvBjUylc9s6IZvy76XklxzcLvAQLtVAG/bbhsMhcWnYxC0TKKcf1QQ/tg29zeID0Q==
  optionalDependencies:
    fsevents "~2.1.2"
